{
  "name": "@avencastf/slidev-theme-hep",
  "version": "0.1.1",
  "lockfileVersion": 3,
  "requires": true,
  "packages": {
    "": {
      "name": "@avencastf/slidev-theme-hep",
      "version": "0.1.1",
      "dependencies": {
        "@slidev/types": "^v0.47.5",
        "codemirror-theme-vars": "^0.1.2",
        "plotly.js-dist": "^2.29.1",
        "prism-theme-vars": "^0.2.4"
      },
      "devDependencies": {
        "playwright-chromium": "^1.42.0"
      },
      "engines": {
        "node": ">=18.0.0",
        "slidev": ">=0.47.0"
      }
    },
    "node_modules/@slidev/types": {
      "version": "0.47.5",
      "resolved": "https://registry.npmjs.org/@slidev/types/-/types-0.47.5.tgz",
      "integrity": "sha512-X67V4cCgM0Sz50bP8GbVzmiL8DHC2IXvdKcsN7DlxHyf+/T4d9GveeGukwha5Fx3MuYeGZWKag7TFL2ZY4w54A==",
      "license": "MIT",
      "engines": {
        "node": ">=18.0.0"
      },
      "funding": {
        "url": "https://github.com/sponsors/antfu"
      }
    },
    "node_modules/codemirror-theme-vars": {
      "version": "0.1.2",
      "resolved": "https://registry.npmjs.org/codemirror-theme-vars/-/codemirror-theme-vars-0.1.2.tgz",
      "integrity": "sha512-WTau8X2q58b0SOAY9DO+iQVw8JKVEgyQIqArp2D732tcc+pobbMta3bnVMdQdmgwuvNrOFFr6HoxPRoQOgooFA==",
      "license": "MIT",
      "funding": {
        "url": "https://github.com/sponsors/antfu"
      }
    },
    "node_modules/playwright-chromium": {
      "version": "1.49.1",
      "resolved": "https://registry.npmjs.org/playwright-chromium/-/playwright-chromium-1.49.1.tgz",
      "integrity": "sha512-XAQDkZ1Eem1OONhfS8B2LM2mgHG/i5jIxooxjvqjbF/9GnLnRTJHdQamNjo1e4FZvt7J0BFD/15+qAcT0eKlfA==",
      "dev": true,
      "hasInstallScript": true,
      "license": "Apache-2.0",
      "dependencies": {
        "playwright-core": "1.49.1"
      },
      "bin": {
        "playwright": "cli.js"
      },
      "engines": {
        "node": ">=18"
      }
    },
    "node_modules/playwright-core": {
      "version": "1.49.1",
      "resolved": "https://registry.npmjs.org/playwright-core/-/playwright-core-1.49.1.tgz",
      "integrity": "sha512-BzmpVcs4kE2CH15rWfzpjzVGhWERJfmnXmniSyKeRZUs9Ws65m+RGIi7mjJK/euCegfn3i7jvqWeWyHe9y3Vgg==",
      "dev": true,
      "license": "Apache-2.0",
      "bin": {
        "playwright-core": "cli.js"
      },
      "engines": {
        "node": ">=18"
      }
    },
    "node_modules/plotly.js-dist": {
      "version": "2.35.3",
      "resolved": "https://registry.npmjs.org/plotly.js-dist/-/plotly.js-dist-2.35.3.tgz",
      "integrity": "sha512-dqB9+FUyBFZN04xWnZoYwaeeF4Jj9T/m0CHYmoozmPC3R4Dy0TRJsHgbRVLPxgYQqodzniVUj17+2wmJuGaZAg==",
      "license": "MIT"
    },
    "node_modules/prism-theme-vars": {
      "version": "0.2.5",
      "resolved": "https://registry.npmjs.org/prism-theme-vars/-/prism-theme-vars-0.2.5.tgz",
      "integrity": "sha512-/D8gBTScYzi9afwE6v3TC1U/1YFZ6k+ly17mtVRdLpGy7E79YjJJWkXFgUDHJ2gDksV/ZnXF7ydJ4TvoDm2z/Q==",
      "license": "MIT",
      "funding": {
        "url": "https://github.com/sponsors/antfu"
      }
    }
  }
}
